// !$*UTF8*$!
{
	archiveVersion = 1;
	classes = {
	};
	objectVersion = 46;
	objects = {

/* Begin PBXBuildFile section */
		624CE03315A38FC0005BFD2D /* UIKit.framework in Frameworks */ = {isa = PBXBuildFile; fileRef = 624CE03215A38FC0005BFD2D /* UIKit.framework */; };
		624CE03515A38FC0005BFD2D /* Foundation.framework in Frameworks */ = {isa = PBXBuildFile; fileRef = 624CE03415A38FC0005BFD2D /* Foundation.framework */; };
		624CE03715A38FC0005BFD2D /* CoreGraphics.framework in Frameworks */ = {isa = PBXBuildFile; fileRef = 624CE03615A38FC0005BFD2D /* CoreGraphics.framework */; };
		624CE0AE15A3BED7005BFD2D /* main.m in Sources */ = {isa = PBXBuildFile; fileRef = 624CE0A515A3BED7005BFD2D /* main.m */; };
		624CE0AF15A3BED7005BFD2D /* TRAppDelegate.m in Sources */ = {isa = PBXBuildFile; fileRef = 624CE0A715A3BED7005BFD2D /* TRAppDelegate.m */; };
		624CE0B115A3BED7005BFD2D /* TRFavoriteListViewController.m in Sources */ = {isa = PBXBuildFile; fileRef = 624CE0AB15A3BED7005BFD2D /* TRFavoriteListViewController.m */; };
		624CE0B215A3BED7005BFD2D /* TRHashtagListViewController.m in Sources */ = {isa = PBXBuildFile; fileRef = 624CE0AD15A3BED7005BFD2D /* TRHashtagListViewController.m */; };
		624CE0BA15A3BEE1005BFD2D /* InfoPlist.strings in Resources */ = {isa = PBXBuildFile; fileRef = 624CE0B415A3BEE1005BFD2D /* InfoPlist.strings */; };
		624F7D7E169B671200B18800 /* LICENSE.markdown in Resources */ = {isa = PBXBuildFile; fileRef = 624F7D7D169B671200B18800 /* LICENSE.markdown */; };
		6265F5D316A65BBD00B33ECC /* Localizable.strings in Resources */ = {isa = PBXBuildFile; fileRef = 6265F5D116A65BBD00B33ECC /* Localizable.strings */; };
		62974B2016929EC700D97667 /* Default-568h@2x.png in Resources */ = {isa = PBXBuildFile; fileRef = 62974B1D16929EC700D97667 /* Default-568h@2x.png */; };
		62974B2116929EC700D97667 /* Default.png in Resources */ = {isa = PBXBuildFile; fileRef = 62974B1E16929EC700D97667 /* Default.png */; };
		62974B2216929EC700D97667 /* Default@2x.png in Resources */ = {isa = PBXBuildFile; fileRef = 62974B1F16929EC700D97667 /* Default@2x.png */; };
		62994B71169B999F002D9275 /* MainStoryboard_iPhone.storyboard in Resources */ = {isa = PBXBuildFile; fileRef = 62994B73169B999F002D9275 /* MainStoryboard_iPhone.storyboard */; };
		629C12FA15A7843000F27944 /* Twitter.framework in Frameworks */ = {isa = PBXBuildFile; fileRef = 629C12F915A7843000F27944 /* Twitter.framework */; };
		62C3D1D315AE2BF900DA97B7 /* TRFavorite.m in Sources */ = {isa = PBXBuildFile; fileRef = 62C3D1D015AE2BF900DA97B7 /* TRFavorite.m */; };
		62C3D1D415AE2BF900DA97B7 /* TRHashtag.m in Sources */ = {isa = PBXBuildFile; fileRef = 62C3D1D215AE2BF900DA97B7 /* TRHashtag.m */; };
/* End PBXBuildFile section */

/* Begin PBXFileReference section */
		624CE02E15A38FC0005BFD2D /* Trender.app */ = {isa = PBXFileReference; explicitFileType = wrapper.application; includeInIndex = 0; path = Trender.app; sourceTree = BUILT_PRODUCTS_DIR; };
		624CE03215A38FC0005BFD2D /* UIKit.framework */ = {isa = PBXFileReference; lastKnownFileType = wrapper.framework; name = UIKit.framework; path = System/Library/Frameworks/UIKit.framework; sourceTree = SDKROOT; };
		624CE03415A38FC0005BFD2D /* Foundation.framework */ = {isa = PBXFileReference; lastKnownFileType = wrapper.framework; name = Foundation.framework; path = System/Library/Frameworks/Foundation.framework; sourceTree = SDKROOT; };
		624CE03615A38FC0005BFD2D /* CoreGraphics.framework */ = {isa = PBXFileReference; lastKnownFileType = wrapper.framework; name = CoreGraphics.framework; path = System/Library/Frameworks/CoreGraphics.framework; sourceTree = SDKROOT; };
		624CE0A515A3BED7005BFD2D /* main.m */ = {isa = PBXFileReference; fileEncoding = 4; lastKnownFileType = sourcecode.c.objc; name = main.m; path = Trender/main.m; sourceTree = SOURCE_ROOT; };
		624CE0A615A3BED7005BFD2D /* TRAppDelegate.h */ = {isa = PBXFileReference; fileEncoding = 4; lastKnownFileType = sourcecode.c.h; name = TRAppDelegate.h; path = Trender/TRAppDelegate.h; sourceTree = SOURCE_ROOT; };
		624CE0A715A3BED7005BFD2D /* TRAppDelegate.m */ = {isa = PBXFileReference; fileEncoding = 4; lastKnownFileType = sourcecode.c.objc; name = TRAppDelegate.m; path = Trender/TRAppDelegate.m; sourceTree = SOURCE_ROOT; };
		624CE0A815A3BED7005BFD2D /* Trender-Info.plist */ = {isa = PBXFileReference; fileEncoding = 4; lastKnownFileType = text.plist.xml; name = "Trender-Info.plist"; path = "Trender/Trender-Info.plist"; sourceTree = SOURCE_ROOT; };
		624CE0A915A3BED7005BFD2D /* Trender-Prefix.pch */ = {isa = PBXFileReference; fileEncoding = 4; lastKnownFileType = sourcecode.c.h; name = "Trender-Prefix.pch"; path = "Trender/Trender-Prefix.pch"; sourceTree = SOURCE_ROOT; };
		624CE0AA15A3BED7005BFD2D /* TRFavoriteListViewController.h */ = {isa = PBXFileReference; fileEncoding = 4; lastKnownFileType = sourcecode.c.h; name = TRFavoriteListViewController.h; path = Trender/TRFavoriteListViewController.h; sourceTree = SOURCE_ROOT; };
		624CE0AB15A3BED7005BFD2D /* TRFavoriteListViewController.m */ = {isa = PBXFileReference; fileEncoding = 4; lastKnownFileType = sourcecode.c.objc; name = TRFavoriteListViewController.m; path = Trender/TRFavoriteListViewController.m; sourceTree = SOURCE_ROOT; };
		624CE0AC15A3BED7005BFD2D /* TRHashtagListViewController.h */ = {isa = PBXFileReference; fileEncoding = 4; lastKnownFileType = sourcecode.c.h; name = TRHashtagListViewController.h; path = Trender/TRHashtagListViewController.h; sourceTree = SOURCE_ROOT; };
		624CE0AD15A3BED7005BFD2D /* TRHashtagListViewController.m */ = {isa = PBXFileReference; fileEncoding = 4; lastKnownFileType = sourcecode.c.objc; name = TRHashtagListViewController.m; path = Trender/TRHashtagListViewController.m; sourceTree = SOURCE_ROOT; };
		624CE0B515A3BEE1005BFD2D /* en */ = {isa = PBXFileReference; lastKnownFileType = text.plist.strings; name = en; path = Trender/en.lproj/InfoPlist.strings; sourceTree = SOURCE_ROOT; };
		624CE0BE15A3BF39005BFD2D /* README.markdown */ = {isa = PBXFileReference; lastKnownFileType = text; path = README.markdown; sourceTree = SOURCE_ROOT; };
		624F7D7D169B671200B18800 /* LICENSE.markdown */ = {isa = PBXFileReference; fileEncoding = 4; lastKnownFileType = text; path = LICENSE.markdown; sourceTree = SOURCE_ROOT; };
		6265F5D216A65BBD00B33ECC /* en */ = {isa = PBXFileReference; lastKnownFileType = text.plist.strings; name = en; path = Trender/en.lproj/Localizable.strings; sourceTree = SOURCE_ROOT; };
		62974B1D16929EC700D97667 /* Default-568h@2x.png */ = {isa = PBXFileReference; lastKnownFileType = image.png; name = "Default-568h@2x.png"; path = "Trender/Default-568h@2x.png"; sourceTree = SOURCE_ROOT; };
		62974B1E16929EC700D97667 /* Default.png */ = {isa = PBXFileReference; lastKnownFileType = image.png; name = Default.png; path = Trender/Default.png; sourceTree = SOURCE_ROOT; };
		62974B1F16929EC700D97667 /* Default@2x.png */ = {isa = PBXFileReference; lastKnownFileType = image.png; name = "Default@2x.png"; path = "Trender/Default@2x.png"; sourceTree = SOURCE_ROOT; };
		62994B74169B99A3002D9275 /* Base */ = {isa = PBXFileReference; lastKnownFileType = file.storyboard; name = Base; path = Base.lproj/MainStoryboard_iPhone.storyboard; sourceTree = "<group>"; };
		62994B75169B99A9002D9275 /* en */ = {isa = PBXFileReference; lastKnownFileType = text.plist.strings; name = en; path = en.lproj/MainStoryboard_iPhone.strings; sourceTree = "<group>"; };
		629C12F915A7843000F27944 /* Twitter.framework */ = {isa = PBXFileReference; lastKnownFileType = wrapper.framework; name = Twitter.framework; path = System/Library/Frameworks/Twitter.framework; sourceTree = SDKROOT; };
		62C3D1CF15AE2BF900DA97B7 /* TRFavorite.h */ = {isa = PBXFileReference; fileEncoding = 4; lastKnownFileType = sourcecode.c.h; name = TRFavorite.h; path = Trender/TRFavorite.h; sourceTree = SOURCE_ROOT; };
		62C3D1D015AE2BF900DA97B7 /* TRFavorite.m */ = {isa = PBXFileReference; fileEncoding = 4; lastKnownFileType = sourcecode.c.objc; name = TRFavorite.m; path = Trender/TRFavorite.m; sourceTree = SOURCE_ROOT; };
		62C3D1D115AE2BF900DA97B7 /* TRHashtag.h */ = {isa = PBXFileReference; fileEncoding = 4; lastKnownFileType = sourcecode.c.h; name = TRHashtag.h; path = Trender/TRHashtag.h; sourceTree = SOURCE_ROOT; };
		62C3D1D215AE2BF900DA97B7 /* TRHashtag.m */ = {isa = PBXFileReference; fileEncoding = 4; lastKnownFileType = sourcecode.c.objc; name = TRHashtag.m; path = Trender/TRHashtag.m; sourceTree = SOURCE_ROOT; };
/* End PBXFileReference section */

/* Begin PBXFrameworksBuildPhase section */
		624CE02B15A38FC0005BFD2D /* Frameworks */ = {
			isa = PBXFrameworksBuildPhase;
			buildActionMask = 2147483647;
			files = (
				624CE03715A38FC0005BFD2D /* CoreGraphics.framework in Frameworks */,
				624CE03515A38FC0005BFD2D /* Foundation.framework in Frameworks */,
				629C12FA15A7843000F27944 /* Twitter.framework in Frameworks */,
				624CE03315A38FC0005BFD2D /* UIKit.framework in Frameworks */,
			);
			runOnlyForDeploymentPostprocessing = 0;
		};
/* End PBXFrameworksBuildPhase section */

/* Begin PBXGroup section */
		624CE02315A38FC0005BFD2D = {
			isa = PBXGroup;
			children = (
				624CE03815A38FC0005BFD2D /* Trender */,
				624CE03115A38FC0005BFD2D /* Frameworks */,
				624CE02F15A38FC0005BFD2D /* Products */,
			);
			sourceTree = "<group>";
		};
		624CE02F15A38FC0005BFD2D /* Products */ = {
			isa = PBXGroup;
			children = (
				624CE02E15A38FC0005BFD2D /* Trender.app */,
			);
			name = Products;
			sourceTree = "<group>";
		};
		624CE03115A38FC0005BFD2D /* Frameworks */ = {
			isa = PBXGroup;
			children = (
				624CE03615A38FC0005BFD2D /* CoreGraphics.framework */,
				624CE03415A38FC0005BFD2D /* Foundation.framework */,
				629C12F915A7843000F27944 /* Twitter.framework */,
				624CE03215A38FC0005BFD2D /* UIKit.framework */,
			);
			name = Frameworks;
			sourceTree = "<group>";
		};
		624CE03815A38FC0005BFD2D /* Trender */ = {
			isa = PBXGroup;
			children = (
				624CE0BF15A3BF40005BFD2D /* Models */,
				624CE05215A3904A005BFD2D /* Views */,
				624CE05315A39051005BFD2D /* Controllers & Controls */,
				624CE0BD15A3BEF6005BFD2D /* Resources */,
				624CE03915A38FC0005BFD2D /* Supporting Files */,
			);
			name = Trender;
			path = TwitterThing;
			sourceTree = "<group>";
		};
		624CE03915A38FC0005BFD2D /* Supporting Files */ = {
			isa = PBXGroup;
			children = (
				624CE0A515A3BED7005BFD2D /* main.m */,
				624CE0A815A3BED7005BFD2D /* Trender-Info.plist */,
				624CE0A915A3BED7005BFD2D /* Trender-Prefix.pch */,
			);
			name = "Supporting Files";
			sourceTree = "<group>";
		};
		624CE05215A3904A005BFD2D /* Views */ = {
			isa = PBXGroup;
			children = (
				62994B73169B999F002D9275 /* MainStoryboard_iPhone.storyboard */,
			);
			name = Views;
			sourceTree = "<group>";
		};
		624CE05315A39051005BFD2D /* Controllers & Controls */ = {
			isa = PBXGroup;
			children = (
				624CE0A615A3BED7005BFD2D /* TRAppDelegate.h */,
				624CE0A715A3BED7005BFD2D /* TRAppDelegate.m */,
				624CE0AA15A3BED7005BFD2D /* TRFavoriteListViewController.h */,
				624CE0AB15A3BED7005BFD2D /* TRFavoriteListViewController.m */,
				624CE0AC15A3BED7005BFD2D /* TRHashtagListViewController.h */,
				624CE0AD15A3BED7005BFD2D /* TRHashtagListViewController.m */,
			);
			name = "Controllers & Controls";
			sourceTree = "<group>";
		};
		624CE0BD15A3BEF6005BFD2D /* Resources */ = {
			isa = PBXGroup;
			children = (
				62974B1A16929EA400D97667 /* Images */,
				62B2285416A65B6F007EA5FD /* Localization */,
				624F7D7D169B671200B18800 /* LICENSE.markdown */,
				624CE0BE15A3BF39005BFD2D /* README.markdown */,
			);
			name = Resources;
			sourceTree = "<group>";
		};
		624CE0BF15A3BF40005BFD2D /* Models */ = {
			isa = PBXGroup;
			children = (
				62C3D1CF15AE2BF900DA97B7 /* TRFavorite.h */,
				62C3D1D015AE2BF900DA97B7 /* TRFavorite.m */,
				62C3D1D115AE2BF900DA97B7 /* TRHashtag.h */,
				62C3D1D215AE2BF900DA97B7 /* TRHashtag.m */,
			);
			name = Models;
			sourceTree = "<group>";
		};
		62974B1A16929EA400D97667 /* Images */ = {
			isa = PBXGroup;
			children = (
				62974B1C16929EB000D97667 /* App Icons */,
			);
			name = Images;
			sourceTree = "<group>";
		};
		62974B1C16929EB000D97667 /* App Icons */ = {
			isa = PBXGroup;
			children = (
				62974B1E16929EC700D97667 /* Default.png */,
				62974B1F16929EC700D97667 /* Default@2x.png */,
				62974B1D16929EC700D97667 /* Default-568h@2x.png */,
			);
			name = "App Icons";
			sourceTree = "<group>";
		};
		62B2285416A65B6F007EA5FD /* Localization */ = {
			isa = PBXGroup;
			children = (
				624CE0B415A3BEE1005BFD2D /* InfoPlist.strings */,
				6265F5D116A65BBD00B33ECC /* Localizable.strings */,
			);
			name = Localization;
			sourceTree = "<group>";
		};
/* End PBXGroup section */

/* Begin PBXNativeTarget section */
		624CE02D15A38FC0005BFD2D /* Trender */ = {
			isa = PBXNativeTarget;
			buildConfigurationList = 624CE04F15A38FC0005BFD2D /* Build configuration list for PBXNativeTarget "Trender" */;
			buildPhases = (
				624CE02A15A38FC0005BFD2D /* Sources */,
				624CE02B15A38FC0005BFD2D /* Frameworks */,
				624CE02C15A38FC0005BFD2D /* Resources */,
			);
			buildRules = (
			);
			dependencies = (
			);
			name = Trender;
			productName = TwitterThing;
			productReference = 624CE02E15A38FC0005BFD2D /* Trender.app */;
			productType = "com.apple.product-type.application";
		};
/* End PBXNativeTarget section */

/* Begin PBXProject section */
		624CE02515A38FC0005BFD2D /* Project object */ = {
			isa = PBXProject;
			attributes = {
				CLASSPREFIX = TR;
				LastUpgradeCheck = 0430;
				ORGANIZATIONNAME = Trender;
			};
			buildConfigurationList = 624CE02815A38FC0005BFD2D /* Build configuration list for PBXProject "Trender" */;
			compatibilityVersion = "Xcode 3.2";
			developmentRegion = English;
			hasScannedForEncodings = 0;
			knownRegions = (
				en,
				Base,
			);
			mainGroup = 624CE02315A38FC0005BFD2D;
			productRefGroup = 624CE02F15A38FC0005BFD2D /* Products */;
			projectDirPath = "";
			projectRoot = "";
			targets = (
				624CE02D15A38FC0005BFD2D /* Trender */,
			);
		};
/* End PBXProject section */

/* Begin PBXResourcesBuildPhase section */
		624CE02C15A38FC0005BFD2D /* Resources */ = {
			isa = PBXResourcesBuildPhase;
			buildActionMask = 2147483647;
			files = (
				624CE0BA15A3BEE1005BFD2D /* InfoPlist.strings in Resources */,
				62974B2016929EC700D97667 /* Default-568h@2x.png in Resources */,
				62974B2116929EC700D97667 /* Default.png in Resources */,
				62974B2216929EC700D97667 /* Default@2x.png in Resources */,
				624F7D7E169B671200B18800 /* LICENSE.markdown in Resources */,
				62994B71169B999F002D9275 /* MainStoryboard_iPhone.storyboard in Resources */,
				6265F5D316A65BBD00B33ECC /* Localizable.strings in Resources */,
			);
			runOnlyForDeploymentPostprocessing = 0;
		};
/* End PBXResourcesBuildPhase section */

/* Begin PBXSourcesBuildPhase section */
		624CE02A15A38FC0005BFD2D /* Sources */ = {
			isa = PBXSourcesBuildPhase;
			buildActionMask = 2147483647;
			files = (
				624CE0AE15A3BED7005BFD2D /* main.m in Sources */,
				624CE0AF15A3BED7005BFD2D /* TRAppDelegate.m in Sources */,
				624CE0B115A3BED7005BFD2D /* TRFavoriteListViewController.m in Sources */,
				624CE0B215A3BED7005BFD2D /* TRHashtagListViewController.m in Sources */,
				62C3D1D315AE2BF900DA97B7 /* TRFavorite.m in Sources */,
				62C3D1D415AE2BF900DA97B7 /* TRHashtag.m in Sources */,
			);
			runOnlyForDeploymentPostprocessing = 0;
		};
/* End PBXSourcesBuildPhase section */

/* Begin PBXVariantGroup section */
		624CE0B415A3BEE1005BFD2D /* InfoPlist.strings */ = {
			isa = PBXVariantGroup;
			children = (
				624CE0B515A3BEE1005BFD2D /* en */,
			);
			name = InfoPlist.strings;
			sourceTree = "<group>";
		};
		6265F5D116A65BBD00B33ECC /* Localizable.strings */ = {
			isa = PBXVariantGroup;
			children = (
				6265F5D216A65BBD00B33ECC /* en */,
			);
			name = Localizable.strings;
			sourceTree = "<group>";
		};
		62994B73169B999F002D9275 /* MainStoryboard_iPhone.storyboard */ = {
			isa = PBXVariantGroup;
			children = (
				62994B74169B99A3002D9275 /* Base */,
				62994B75169B99A9002D9275 /* en */,
			);
			name = MainStoryboard_iPhone.storyboard;
			path = Trender;
			sourceTree = SOURCE_ROOT;
		};
/* End PBXVariantGroup section */

/* Begin XCBuildConfiguration section */
		624CE04D15A38FC0005BFD2D /* Debug */ = {
			isa = XCBuildConfiguration;
			buildSettings = {
				ALWAYS_SEARCH_USER_PATHS = NO;
				CLANG_CXX_LANGUAGE_STANDARD = "gnu++0x";
				CLANG_CXX_LIBRARY = "libc++";
				CLANG_ENABLE_OBJC_ARC = YES;
				CLANG_WARN_EMPTY_BODY = YES;
				CLANG_WARN__DUPLICATE_METHOD_MATCH = YES;
				"CODE_SIGN_IDENTITY[sdk=iphoneos*]" = "iPhone Developer";
				COPY_PHASE_STRIP = NO;
				GCC_C_LANGUAGE_STANDARD = gnu99;
				GCC_DYNAMIC_NO_PIC = NO;
				GCC_OPTIMIZATION_LEVEL = 0;
				GCC_PREPROCESSOR_DEFINITIONS = (
					"DEBUG=1",
					"$(inherited)",
				);
				GCC_SYMBOLS_PRIVATE_EXTERN = NO;
				GCC_WARN_ABOUT_RETURN_TYPE = YES;
				GCC_WARN_UNINITIALIZED_AUTOS = YES;
				GCC_WARN_UNUSED_VARIABLE = YES;
				IPHONEOS_DEPLOYMENT_TARGET = 6.0;
				ONLY_ACTIVE_ARCH = YES;
				SDKROOT = iphoneos;
			};
			name = Debug;
		};
		624CE04E15A38FC0005BFD2D /* Release */ = {
			isa = XCBuildConfiguration;
			buildSettings = {
				ALWAYS_SEARCH_USER_PATHS = NO;
				CLANG_CXX_LANGUAGE_STANDARD = "gnu++0x";
				CLANG_CXX_LIBRARY = "libc++";
				CLANG_ENABLE_OBJC_ARC = YES;
				CLANG_WARN_EMPTY_BODY = YES;
				CLANG_WARN__DUPLICATE_METHOD_MATCH = YES;
				"CODE_SIGN_IDENTITY[sdk=iphoneos*]" = "iPhone Developer";
				COPY_PHASE_STRIP = YES;
				GCC_C_LANGUAGE_STANDARD = gnu99;
				GCC_WARN_ABOUT_RETURN_TYPE = YES;
				GCC_WARN_UNINITIALIZED_AUTOS = YES;
				GCC_WARN_UNUSED_VARIABLE = YES;
				IPHONEOS_DEPLOYMENT_TARGET = 6.0;
				OTHER_CFLAGS = "-DNS_BLOCK_ASSERTIONS=1";
				SDKROOT = iphoneos;
				VALIDATE_PRODUCT = YES;
			};
			name = Release;
		};
		624CE05015A38FC0005BFD2D /* Debug */ = {
			isa = XCBuildConfiguration;
			buildSettings = {
				GCC_PRECOMPILE_PREFIX_HEADER = YES;
				GCC_PREFIX_HEADER = "Trender/Trender-Prefix.pch";
				INFOPLIST_FILE = "Trender/Trender-Info.plist";
				IPHONEOS_DEPLOYMENT_TARGET = 6.0;
				PRODUCT_NAME = Trender;
				TARGETED_DEVICE_FAMILY = 1;
				WRAPPER_EXTENSION = app;
			};
			name = Debug;
		};
		624CE05115A38FC0005BFD2D /* Release */ = {
			isa = XCBuildConfiguration;
			buildSettings = {
				GCC_PRECOMPILE_PREFIX_HEADER = YES;
				GCC_PREFIX_HEADER = "Trender/Trender-Prefix.pch";
				INFOPLIST_FILE = "Trender/Trender-Info.plist";
				IPHONEOS_DEPLOYMENT_TARGET = 6.0;
				PRODUCT_NAME = Trender;
				TARGETED_DEVICE_FAMILY = 1;
				WRAPPER_EXTENSION = app;
			};
			name = Release;
		};
/* End XCBuildConfiguration section */

/* Begin XCConfigurationList section */
		624CE02815A38FC0005BFD2D /* Build configuration list for PBXProject "Trender" */ = {
			isa = XCConfigurationList;
			buildConfigurations = (
				624CE04D15A38FC0005BFD2D /* Debug */,
				624CE04E15A38FC0005BFD2D /* Release */,
			);
			defaultConfigurationIsVisible = 0;
			defaultConfigurationName = Release;
		};
		624CE04F15A38FC0005BFD2D /* Build configuration list for PBXNativeTarget "Trender" */ = {
			isa = XCConfigurationList;
			buildConfigurations = (
				624CE05015A38FC0005BFD2D /* Debug */,
				624CE05115A38FC0005BFD2D /* Release */,
			);
			defaultConfigurationIsVisible = 0;
			defaultConfigurationName = Release;
		};
/* End XCConfigurationList section */
	};
	rootObject = 624CE02515A38FC0005BFD2D /* Project object */;
}
